// !$*UTF8*$!
{
	archiveVersion = 1;
	classes = {
	};
	objectVersion = 56;
	objects = {

/* Begin PBXBuildFile section */
		E384E4882C94FA7100D44345 /* StarWarsSwiftUIApp.swift in Sources */ = {isa = PBXBuildFile; fileRef = E384E4872C94FA7100D44345 /* StarWarsSwiftUIApp.swift */; };
		E384E48C2C94FA7300D44345 /* Assets.xcassets in Resources */ = {isa = PBXBuildFile; fileRef = E384E48B2C94FA7300D44345 /* Assets.xcassets */; };
		E384E48F2C94FA7300D44345 /* Preview Assets.xcassets in Resources */ = {isa = PBXBuildFile; fileRef = E384E48E2C94FA7300D44345 /* Preview Assets.xcassets */; };
		E384E4972C94FB5000D44345 /* CharacterImageService.swift in Sources */ = {isa = PBXBuildFile; fileRef = E384E4962C94FB5000D44345 /* CharacterImageService.swift */; };
		E384E4992C94FB5E00D44345 /* CharacterService.swift in Sources */ = {isa = PBXBuildFile; fileRef = E384E4982C94FB5E00D44345 /* CharacterService.swift */; };
		E384E49B2C94FB6B00D44345 /* Endpoint.swift in Sources */ = {isa = PBXBuildFile; fileRef = E384E49A2C94FB6B00D44345 /* Endpoint.swift */; };
		E384E4A02C94FC4800D44345 /* Character.swift in Sources */ = {isa = PBXBuildFile; fileRef = E384E49F2C94FC4800D44345 /* Character.swift */; };
		E384E4A22C94FD0500D44345 /* CharacterImageModel.swift in Sources */ = {isa = PBXBuildFile; fileRef = E384E4A12C94FD0500D44345 /* CharacterImageModel.swift */; };
		E384E4A42C94FD1200D44345 /* CharacterModel.swift in Sources */ = {isa = PBXBuildFile; fileRef = E384E4A32C94FD1200D44345 /* CharacterModel.swift */; };
		E384E4A72C94FD3500D44345 /* CustomAlert.swift in Sources */ = {isa = PBXBuildFile; fileRef = E384E4A62C94FD3500D44345 /* CustomAlert.swift */; };
		E384E4A92C94FD5800D44345 /* NavConfig.swift in Sources */ = {isa = PBXBuildFile; fileRef = E384E4A82C94FD5800D44345 /* NavConfig.swift */; };
		E384E4AC2C94FD9900D44345 /* ChangePageBtnView.swift in Sources */ = {isa = PBXBuildFile; fileRef = E384E4AB2C94FD9900D44345 /* ChangePageBtnView.swift */; };
		E384E4AE2C94FDC200D44345 /* CharacterCellView.swift in Sources */ = {isa = PBXBuildFile; fileRef = E384E4AD2C94FDC200D44345 /* CharacterCellView.swift */; };
		E384E4B02C94FDCF00D44345 /* CharacterDetailView.swift in Sources */ = {isa = PBXBuildFile; fileRef = E384E4AF2C94FDCF00D44345 /* CharacterDetailView.swift */; };
		E384E4B22C94FDDA00D44345 /* CharacterView.swift in Sources */ = {isa = PBXBuildFile; fileRef = E384E4B12C94FDDA00D44345 /* CharacterView.swift */; };
		E384E4B42C94FDE500D44345 /* HomeView.swift in Sources */ = {isa = PBXBuildFile; fileRef = E384E4B32C94FDE500D44345 /* HomeView.swift */; };
		E384E4B62C94FDF800D44345 /* LoadingView.swift in Sources */ = {isa = PBXBuildFile; fileRef = E384E4B52C94FDF800D44345 /* LoadingView.swift */; };
		E384E4B82C94FE0400D44345 /* SpaceView.swift in Sources */ = {isa = PBXBuildFile; fileRef = E384E4B72C94FE0400D44345 /* SpaceView.swift */; };
		E384E4BA2C94FE2000D44345 /* TextExtension.swift in Sources */ = {isa = PBXBuildFile; fileRef = E384E4B92C94FE2000D44345 /* TextExtension.swift */; };
		E384E4BD2C94FE6A00D44345 /* CustomColor.swift in Sources */ = {isa = PBXBuildFile; fileRef = E384E4BC2C94FE6A00D44345 /* CustomColor.swift */; };
		E384E4BF2C94FE7400D44345 /* CustomImage.swift in Sources */ = {isa = PBXBuildFile; fileRef = E384E4BE2C94FE7400D44345 /* CustomImage.swift */; };
		E384E4C12C94FE8100D44345 /* CustomTypo.swift in Sources */ = {isa = PBXBuildFile; fileRef = E384E4C02C94FE8100D44345 /* CustomTypo.swift */; };
		E384E4C72C94FF1400D44345 /* CharacterViewModel.swift in Sources */ = {isa = PBXBuildFile; fileRef = E384E4C62C94FF1400D44345 /* CharacterViewModel.swift */; };
		E384E4C92C94FF9000D44345 /* Localizable.strings in Resources */ = {isa = PBXBuildFile; fileRef = E384E4C82C94FF9000D44345 /* Localizable.strings */; };
		E3E02AEC2C950DA20050E1DB /* StarWars.otf in Resources */ = {isa = PBXBuildFile; fileRef = E3E02AEB2C950DA20050E1DB /* StarWars.otf */; };
/* End PBXBuildFile section */

/* Begin PBXFileReference section */
		E384E4842C94FA7100D44345 /* StarWarsSwiftUI.app */ = {isa = PBXFileReference; explicitFileType = wrapper.application; includeInIndex = 0; path = StarWarsSwiftUI.app; sourceTree = BUILT_PRODUCTS_DIR; };
		E384E4872C94FA7100D44345 /* StarWarsSwiftUIApp.swift */ = {isa = PBXFileReference; lastKnownFileType = sourcecode.swift; path = StarWarsSwiftUIApp.swift; sourceTree = "<group>"; };
		E384E48B2C94FA7300D44345 /* Assets.xcassets */ = {isa = PBXFileReference; lastKnownFileType = folder.assetcatalog; path = Assets.xcassets; sourceTree = "<group>"; };
		E384E48E2C94FA7300D44345 /* Preview Assets.xcassets */ = {isa = PBXFileReference; lastKnownFileType = folder.assetcatalog; path = "Preview Assets.xcassets"; sourceTree = "<group>"; };
		E384E4962C94FB5000D44345 /* CharacterImageService.swift */ = {isa = PBXFileReference; lastKnownFileType = sourcecode.swift; path = CharacterImageService.swift; sourceTree = "<group>"; };
		E384E4982C94FB5E00D44345 /* CharacterService.swift */ = {isa = PBXFileReference; lastKnownFileType = sourcecode.swift; path = CharacterService.swift; sourceTree = "<group>"; };
		E384E49A2C94FB6B00D44345 /* Endpoint.swift */ = {isa = PBXFileReference; lastKnownFileType = sourcecode.swift; path = Endpoint.swift; sourceTree = "<group>"; };
		E384E49F2C94FC4800D44345 /* Character.swift */ = {isa = PBXFileReference; lastKnownFileType = sourcecode.swift; path = Character.swift; sourceTree = "<group>"; };
		E384E4A12C94FD0500D44345 /* CharacterImageModel.swift */ = {isa = PBXFileReference; lastKnownFileType = sourcecode.swift; path = CharacterImageModel.swift; sourceTree = "<group>"; };
		E384E4A32C94FD1200D44345 /* CharacterModel.swift */ = {isa = PBXFileReference; lastKnownFileType = sourcecode.swift; path = CharacterModel.swift; sourceTree = "<group>"; };
		E384E4A62C94FD3500D44345 /* CustomAlert.swift */ = {isa = PBXFileReference; lastKnownFileType = sourcecode.swift; path = CustomAlert.swift; sourceTree = "<group>"; };
		E384E4A82C94FD5800D44345 /* NavConfig.swift */ = {isa = PBXFileReference; lastKnownFileType = sourcecode.swift; path = NavConfig.swift; sourceTree = "<group>"; };
		E384E4AB2C94FD9900D44345 /* ChangePageBtnView.swift */ = {isa = PBXFileReference; lastKnownFileType = sourcecode.swift; path = ChangePageBtnView.swift; sourceTree = "<group>"; };
		E384E4AD2C94FDC200D44345 /* CharacterCellView.swift */ = {isa = PBXFileReference; lastKnownFileType = sourcecode.swift; path = CharacterCellView.swift; sourceTree = "<group>"; };
		E384E4AF2C94FDCF00D44345 /* CharacterDetailView.swift */ = {isa = PBXFileReference; lastKnownFileType = sourcecode.swift; path = CharacterDetailView.swift; sourceTree = "<group>"; };
		E384E4B12C94FDDA00D44345 /* CharacterView.swift */ = {isa = PBXFileReference; lastKnownFileType = sourcecode.swift; path = CharacterView.swift; sourceTree = "<group>"; };
		E384E4B32C94FDE500D44345 /* HomeView.swift */ = {isa = PBXFileReference; lastKnownFileType = sourcecode.swift; path = HomeView.swift; sourceTree = "<group>"; };
		E384E4B52C94FDF800D44345 /* LoadingView.swift */ = {isa = PBXFileReference; lastKnownFileType = sourcecode.swift; path = LoadingView.swift; sourceTree = "<group>"; };
		E384E4B72C94FE0400D44345 /* SpaceView.swift */ = {isa = PBXFileReference; lastKnownFileType = sourcecode.swift; path = SpaceView.swift; sourceTree = "<group>"; };
		E384E4B92C94FE2000D44345 /* TextExtension.swift */ = {isa = PBXFileReference; lastKnownFileType = sourcecode.swift; path = TextExtension.swift; sourceTree = "<group>"; };
		E384E4BC2C94FE6A00D44345 /* CustomColor.swift */ = {isa = PBXFileReference; lastKnownFileType = sourcecode.swift; path = CustomColor.swift; sourceTree = "<group>"; };
		E384E4BE2C94FE7400D44345 /* CustomImage.swift */ = {isa = PBXFileReference; lastKnownFileType = sourcecode.swift; path = CustomImage.swift; sourceTree = "<group>"; };
		E384E4C02C94FE8100D44345 /* CustomTypo.swift */ = {isa = PBXFileReference; lastKnownFileType = sourcecode.swift; path = CustomTypo.swift; sourceTree = "<group>"; };
		E384E4C62C94FF1400D44345 /* CharacterViewModel.swift */ = {isa = PBXFileReference; lastKnownFileType = sourcecode.swift; path = CharacterViewModel.swift; sourceTree = "<group>"; };
		E384E4C82C94FF9000D44345 /* Localizable.strings */ = {isa = PBXFileReference; lastKnownFileType = text.plist.strings; path = Localizable.strings; sourceTree = "<group>"; };
		E3E02AEB2C950DA20050E1DB /* StarWars.otf */ = {isa = PBXFileReference; lastKnownFileType = file; path = StarWars.otf; sourceTree = "<group>"; };
		E3F4E6B52C9505E5002B2990 /* Info.plist */ = {isa = PBXFileReference; lastKnownFileType = text.plist.xml; path = Info.plist; sourceTree = "<group>"; };
/* End PBXFileReference section */

/* Begin PBXFrameworksBuildPhase section */
		E384E4812C94FA7100D44345 /* Frameworks */ = {
			isa = PBXFrameworksBuildPhase;
			buildActionMask = 2147483647;
			files = (
			);
			runOnlyForDeploymentPostprocessing = 0;
		};
/* End PBXFrameworksBuildPhase section */

/* Begin PBXGroup section */
		E384E47B2C94FA7100D44345 = {
			isa = PBXGroup;
			children = (
				E3F4E6B52C9505E5002B2990 /* Info.plist */,
				E384E4862C94FA7100D44345 /* StarWarsSwiftUI */,
				E384E4852C94FA7100D44345 /* Products */,
			);
			sourceTree = "<group>";
		};
		E384E4852C94FA7100D44345 /* Products */ = {
			isa = PBXGroup;
			children = (
				E384E4842C94FA7100D44345 /* StarWarsSwiftUI.app */,
			);
			name = Products;
			sourceTree = "<group>";
		};
		E384E4862C94FA7100D44345 /* StarWarsSwiftUI */ = {
			isa = PBXGroup;
			children = (
				E384E4C52C94FEFA00D44345 /* ViewModel */,
				E384E4BB2C94FE4A00D44345 /* Resources */,
				E384E4AA2C94FD7100D44345 /* Views */,
				E384E4A52C94FD2100D44345 /* Utils */,
				E384E49C2C94FB7600D44345 /* Models */,
				E384E4952C94FB0E00D44345 /* API */,
				E384E4872C94FA7100D44345 /* StarWarsSwiftUIApp.swift */,
				E384E48D2C94FA7300D44345 /* Preview Content */,
				E384E4C82C94FF9000D44345 /* Localizable.strings */,
			);
			path = StarWarsSwiftUI;
			sourceTree = "<group>";
		};
		E384E48D2C94FA7300D44345 /* Preview Content */ = {
			isa = PBXGroup;
			children = (
				E384E48E2C94FA7300D44345 /* Preview Assets.xcassets */,
			);
			path = "Preview Content";
			sourceTree = "<group>";
		};
		E384E4952C94FB0E00D44345 /* API */ = {
			isa = PBXGroup;
			children = (
				E384E4962C94FB5000D44345 /* CharacterImageService.swift */,
				E384E4982C94FB5E00D44345 /* CharacterService.swift */,
				E384E49A2C94FB6B00D44345 /* Endpoint.swift */,
			);
			path = API;
			sourceTree = "<group>";
		};
		E384E49C2C94FB7600D44345 /* Models */ = {
			isa = PBXGroup;
			children = (
				E384E49F2C94FC4800D44345 /* Character.swift */,
				E384E4A12C94FD0500D44345 /* CharacterImageModel.swift */,
				E384E4A32C94FD1200D44345 /* CharacterModel.swift */,
			);
			path = Models;
			sourceTree = "<group>";
		};
		E384E4A52C94FD2100D44345 /* Utils */ = {
			isa = PBXGroup;
			children = (
				E384E4A62C94FD3500D44345 /* CustomAlert.swift */,
				E384E4A82C94FD5800D44345 /* NavConfig.swift */,
				E384E4B92C94FE2000D44345 /* TextExtension.swift */,
			);
			path = Utils;
			sourceTree = "<group>";
		};
		E384E4AA2C94FD7100D44345 /* Views */ = {
			isa = PBXGroup;
			children = (
				E384E4AB2C94FD9900D44345 /* ChangePageBtnView.swift */,
				E384E4AD2C94FDC200D44345 /* CharacterCellView.swift */,
				E384E4AF2C94FDCF00D44345 /* CharacterDetailView.swift */,
				E384E4B12C94FDDA00D44345 /* CharacterView.swift */,
				E384E4B32C94FDE500D44345 /* HomeView.swift */,
				E384E4B52C94FDF800D44345 /* LoadingView.swift */,
				E384E4B72C94FE0400D44345 /* SpaceView.swift */,
			);
			path = Views;
			sourceTree = "<group>";
		};
		E384E4BB2C94FE4A00D44345 /* Resources */ = {
			isa = PBXGroup;
			children = (
				E384E4C32C94FEB800D44345 /* Assets */,
				E384E4C22C94FEA500D44345 /* Fonts */,
				E384E4BC2C94FE6A00D44345 /* CustomColor.swift */,
				E384E4BE2C94FE7400D44345 /* CustomImage.swift */,
				E384E4C02C94FE8100D44345 /* CustomTypo.swift */,
			);
			path = Resources;
			sourceTree = "<group>";
		};
		E384E4C22C94FEA500D44345 /* Fonts */ = {
			isa = PBXGroup;
			children = (
				E3E02AEB2C950DA20050E1DB /* StarWars.otf */,
			);
			path = Fonts;
			sourceTree = "<group>";
		};
		E384E4C32C94FEB800D44345 /* Assets */ = {
			isa = PBXGroup;
			children = (
				E384E48B2C94FA7300D44345 /* Assets.xcassets */,
			);
			path = Assets;
			sourceTree = "<group>";
		};
		E384E4C52C94FEFA00D44345 /* ViewModel */ = {
			isa = PBXGroup;
			children = (
				E384E4C62C94FF1400D44345 /* CharacterViewModel.swift */,
			);
			path = ViewModel;
			sourceTree = "<group>";
		};
/* End PBXGroup section */

/* Begin PBXNativeTarget section */
		E384E4832C94FA7100D44345 /* StarWarsSwiftUI */ = {
			isa = PBXNativeTarget;
			buildConfigurationList = E384E4922C94FA7300D44345 /* Build configuration list for PBXNativeTarget "StarWarsSwiftUI" */;
			buildPhases = (
				E384E4802C94FA7100D44345 /* Sources */,
				E384E4812C94FA7100D44345 /* Frameworks */,
				E384E4822C94FA7100D44345 /* Resources */,
			);
			buildRules = (
			);
			dependencies = (
			);
			name = StarWarsSwiftUI;
			productName = StarWarsSwiftUI;
			productReference = E384E4842C94FA7100D44345 /* StarWarsSwiftUI.app */;
			productType = "com.apple.product-type.application";
		};
/* End PBXNativeTarget section */

/* Begin PBXProject section */
		E384E47C2C94FA7100D44345 /* Project object */ = {
			isa = PBXProject;
			attributes = {
				BuildIndependentTargetsInParallel = 1;
				LastSwiftUpdateCheck = 1500;
				LastUpgradeCheck = 1500;
				TargetAttributes = {
					E384E4832C94FA7100D44345 = {
						CreatedOnToolsVersion = 15.0;
					};
				};
			};
			buildConfigurationList = E384E47F2C94FA7100D44345 /* Build configuration list for PBXProject "StarWarsSwiftUI" */;
			compatibilityVersion = "Xcode 14.0";
			developmentRegion = en;
			hasScannedForEncodings = 0;
			knownRegions = (
				en,
				Base,
			);
			mainGroup = E384E47B2C94FA7100D44345;
			productRefGroup = E384E4852C94FA7100D44345 /* Products */;
			projectDirPath = "";
			projectRoot = "";
			targets = (
				E384E4832C94FA7100D44345 /* StarWarsSwiftUI */,
			);
		};
/* End PBXProject section */

/* Begin PBXResourcesBuildPhase section */
		E384E4822C94FA7100D44345 /* Resources */ = {
			isa = PBXResourcesBuildPhase;
			buildActionMask = 2147483647;
			files = (
				E384E48F2C94FA7300D44345 /* Preview Assets.xcassets in Resources */,
				E3E02AEC2C950DA20050E1DB /* StarWars.otf in Resources */,
				E384E4C92C94FF9000D44345 /* Localizable.strings in Resources */,
				E384E48C2C94FA7300D44345 /* Assets.xcassets in Resources */,
			);
			runOnlyForDeploymentPostprocessing = 0;
		};
/* End PBXResourcesBuildPhase section */

/* Begin PBXSourcesBuildPhase section */
		E384E4802C94FA7100D44345 /* Sources */ = {
			isa = PBXSourcesBuildPhase;
			buildActionMask = 2147483647;
			files = (
				E384E4A02C94FC4800D44345 /* Character.swift in Sources */,
				E384E4B02C94FDCF00D44345 /* CharacterDetailView.swift in Sources */,
				E384E4C72C94FF1400D44345 /* CharacterViewModel.swift in Sources */,
				E384E4B42C94FDE500D44345 /* HomeView.swift in Sources */,
				E384E4A22C94FD0500D44345 /* CharacterImageModel.swift in Sources */,
				E384E4B62C94FDF800D44345 /* LoadingView.swift in Sources */,
				E384E4BF2C94FE7400D44345 /* CustomImage.swift in Sources */,
				E384E4AC2C94FD9900D44345 /* ChangePageBtnView.swift in Sources */,
				E384E4A72C94FD3500D44345 /* CustomAlert.swift in Sources */,
				E384E4AE2C94FDC200D44345 /* CharacterCellView.swift in Sources */,
				E384E4882C94FA7100D44345 /* StarWarsSwiftUIApp.swift in Sources */,
				E384E4BA2C94FE2000D44345 /* TextExtension.swift in Sources */,
				E384E4A92C94FD5800D44345 /* NavConfig.swift in Sources */,
				E384E4A42C94FD1200D44345 /* CharacterModel.swift in Sources */,
				E384E4BD2C94FE6A00D44345 /* CustomColor.swift in Sources */,
				E384E4992C94FB5E00D44345 /* CharacterService.swift in Sources */,
				E384E4972C94FB5000D44345 /* CharacterImageService.swift in Sources */,
				E384E4C12C94FE8100D44345 /* CustomTypo.swift in Sources */,
				E384E49B2C94FB6B00D44345 /* Endpoint.swift in Sources */,
				E384E4B82C94FE0400D44345 /* SpaceView.swift in Sources */,
				E384E4B22C94FDDA00D44345 /* CharacterView.swift in Sources */,
			);
			runOnlyForDeploymentPostprocessing = 0;
		};
/* End PBXSourcesBuildPhase section */

/* Begin XCBuildConfiguration section */
		E384E4902C94FA7300D44345 /* Debug */ = {
			isa = XCBuildConfiguration;
			buildSettings = {
				ALWAYS_SEARCH_USER_PATHS = NO;
				ASSETCATALOG_COMPILER_GENERATE_SWIFT_ASSET_SYMBOL_EXTENSIONS = YES;
				CLANG_ANALYZER_NONNULL = YES;
				CLANG_ANALYZER_NUMBER_OBJECT_CONVERSION = YES_AGGRESSIVE;
				CLANG_CXX_LANGUAGE_STANDARD = "gnu++20";
				CLANG_ENABLE_MODULES = YES;
				CLANG_ENABLE_OBJC_ARC = YES;
				CLANG_ENABLE_OBJC_WEAK = YES;
				CLANG_WARN_BLOCK_CAPTURE_AUTORELEASING = YES;
				CLANG_WARN_BOOL_CONVERSION = YES;
				CLANG_WARN_COMMA = YES;
				CLANG_WARN_CONSTANT_CONVERSION = YES;
				CLANG_WARN_DEPRECATED_OBJC_IMPLEMENTATIONS = YES;
				CLANG_WARN_DIRECT_OBJC_ISA_USAGE = YES_ERROR;
				CLANG_WARN_DOCUMENTATION_COMMENTS = YES;
				CLANG_WARN_EMPTY_BODY = YES;
				CLANG_WARN_ENUM_CONVERSION = YES;
				CLANG_WARN_INFINITE_RECURSION = YES;
				CLANG_WARN_INT_CONVERSION = YES;
				CLANG_WARN_NON_LITERAL_NULL_CONVERSION = YES;
				CLANG_WARN_OBJC_IMPLICIT_RETAIN_SELF = YES;
				CLANG_WARN_OBJC_LITERAL_CONVERSION = YES;
				CLANG_WARN_OBJC_ROOT_CLASS = YES_ERROR;
				CLANG_WARN_QUOTED_INCLUDE_IN_FRAMEWORK_HEADER = YES;
				CLANG_WARN_RANGE_LOOP_ANALYSIS = YES;
				CLANG_WARN_STRICT_PROTOTYPES = YES;
				CLANG_WARN_SUSPICIOUS_MOVE = YES;
				CLANG_WARN_UNGUARDED_AVAILABILITY = YES_AGGRESSIVE;
				CLANG_WARN_UNREACHABLE_CODE = YES;
				CLANG_WARN__DUPLICATE_METHOD_MATCH = YES;
				COPY_PHASE_STRIP = NO;
				DEBUG_INFORMATION_FORMAT = dwarf;
				ENABLE_STRICT_OBJC_MSGSEND = YES;
				ENABLE_TESTABILITY = YES;
				ENABLE_USER_SCRIPT_SANDBOXING = YES;
				GCC_C_LANGUAGE_STANDARD = gnu17;
				GCC_DYNAMIC_NO_PIC = NO;
				GCC_NO_COMMON_BLOCKS = YES;
				GCC_OPTIMIZATION_LEVEL = 0;
				GCC_PREPROCESSOR_DEFINITIONS = (
					"DEBUG=1",
					"$(inherited)",
				);
				GCC_WARN_64_TO_32_BIT_CONVERSION = YES;
				GCC_WARN_ABOUT_RETURN_TYPE = YES_ERROR;
				GCC_WARN_UNDECLARED_SELECTOR = YES;
				GCC_WARN_UNINITIALIZED_AUTOS = YES_AGGRESSIVE;
				GCC_WARN_UNUSED_FUNCTION = YES;
				GCC_WARN_UNUSED_VARIABLE = YES;
				IPHONEOS_DEPLOYMENT_TARGET = 17.0;
				LOCALIZATION_PREFERS_STRING_CATALOGS = YES;
				MTL_ENABLE_DEBUG_INFO = INCLUDE_SOURCE;
				MTL_FAST_MATH = YES;
				ONLY_ACTIVE_ARCH = YES;
				SDKROOT = iphoneos;
				SWIFT_ACTIVE_COMPILATION_CONDITIONS = "DEBUG $(inherited)";
				SWIFT_OPTIMIZATION_LEVEL = "-Onone";
			};
			name = Debug;
		};
		E384E4912C94FA7300D44345 /* Release */ = {
			isa = XCBuildConfiguration;
			buildSettings = {
				ALWAYS_SEARCH_USER_PATHS = NO;
				ASSETCATALOG_COMPILER_GENERATE_SWIFT_ASSET_SYMBOL_EXTENSIONS = YES;
				CLANG_ANALYZER_NONNULL = YES;
				CLANG_ANALYZER_NUMBER_OBJECT_CONVERSION = YES_AGGRESSIVE;
				CLANG_CXX_LANGUAGE_STANDARD = "gnu++20";
				CLANG_ENABLE_MODULES = YES;
				CLANG_ENABLE_OBJC_ARC = YES;
				CLANG_ENABLE_OBJC_WEAK = YES;
				CLANG_WARN_BLOCK_CAPTURE_AUTORELEASING = YES;
				CLANG_WARN_BOOL_CONVERSION = YES;
				CLANG_WARN_COMMA = YES;
				CLANG_WARN_CONSTANT_CONVERSION = YES;
				CLANG_WARN_DEPRECATED_OBJC_IMPLEMENTATIONS = YES;
				CLANG_WARN_DIRECT_OBJC_ISA_USAGE = YES_ERROR;
				CLANG_WARN_DOCUMENTATION_COMMENTS = YES;
				CLANG_WARN_EMPTY_BODY = YES;
				CLANG_WARN_ENUM_CONVERSION = YES;
				CLANG_WARN_INFINITE_RECURSION = YES;
				CLANG_WARN_INT_CONVERSION = YES;
				CLANG_WARN_NON_LITERAL_NULL_CONVERSION = YES;
				CLANG_WARN_OBJC_IMPLICIT_RETAIN_SELF = YES;
				CLANG_WARN_OBJC_LITERAL_CONVERSION = YES;
				CLANG_WARN_OBJC_ROOT_CLASS = YES_ERROR;
				CLANG_WARN_QUOTED_INCLUDE_IN_FRAMEWORK_HEADER = YES;
				CLANG_WARN_RANGE_LOOP_ANALYSIS = YES;
				CLANG_WARN_STRICT_PROTOTYPES = YES;
				CLANG_WARN_SUSPICIOUS_MOVE = YES;
				CLANG_WARN_UNGUARDED_AVAILABILITY = YES_AGGRESSIVE;
				CLANG_WARN_UNREACHABLE_CODE = YES;
				CLANG_WARN__DUPLICATE_METHOD_MATCH = YES;
				COPY_PHASE_STRIP = NO;
				DEBUG_INFORMATION_FORMAT = "dwarf-with-dsym";
				ENABLE_NS_ASSERTIONS = NO;
				ENABLE_STRICT_OBJC_MSGSEND = YES;
				ENABLE_USER_SCRIPT_SANDBOXING = YES;
				GCC_C_LANGUAGE_STANDARD = gnu17;
				GCC_NO_COMMON_BLOCKS = YES;
				GCC_WARN_64_TO_32_BIT_CONVERSION = YES;
				GCC_WARN_ABOUT_RETURN_TYPE = YES_ERROR;
				GCC_WARN_UNDECLARED_SELECTOR = YES;
				GCC_WARN_UNINITIALIZED_AUTOS = YES_AGGRESSIVE;
				GCC_WARN_UNUSED_FUNCTION = YES;
				GCC_WARN_UNUSED_VARIABLE = YES;
				IPHONEOS_DEPLOYMENT_TARGET = 17.0;
				LOCALIZATION_PREFERS_STRING_CATALOGS = YES;
				MTL_ENABLE_DEBUG_INFO = NO;
				MTL_FAST_MATH = YES;
				SDKROOT = iphoneos;
				SWIFT_COMPILATION_MODE = wholemodule;
				VALIDATE_PRODUCT = YES;
			};
			name = Release;
		};
		E384E4932C94FA7300D44345 /* Debug */ = {
			isa = XCBuildConfiguration;
			buildSettings = {
				ASSETCATALOG_COMPILER_APPICON_NAME = AppIcon;
				ASSETCATALOG_COMPILER_GLOBAL_ACCENT_COLOR_NAME = AccentColor;
				CODE_SIGN_STYLE = Automatic;
				CURRENT_PROJECT_VERSION = 1;
				DEVELOPMENT_ASSET_PATHS = "\"StarWarsSwiftUI/Preview Content\"";
				DEVELOPMENT_TEAM = MCP72WGYNQ;
				ENABLE_PREVIEWS = YES;
				GENERATE_INFOPLIST_FILE = YES;
				INFOPLIST_KEY_UIApplicationSceneManifest_Generation = YES;
				INFOPLIST_KEY_UIApplicationSupportsIndirectInputEvents = YES;
				INFOPLIST_KEY_UILaunchScreen_Generation = YES;
				INFOPLIST_KEY_UISupportedInterfaceOrientations_iPad = "UIInterfaceOrientationPortrait UIInterfaceOrientationPortraitUpsideDown UIInterfaceOrientationLandscapeLeft UIInterfaceOrientationLandscapeRight";
				INFOPLIST_KEY_UISupportedInterfaceOrientations_iPhone = "UIInterfaceOrientationPortrait UIInterfaceOrientationLandscapeLeft UIInterfaceOrientationLandscapeRight";
				LD_RUNPATH_SEARCH_PATHS = (
					"$(inherited)",
					"@executable_path/Frameworks",
				);
				MARKETING_VERSION = 1.0;
				PRODUCT_BUNDLE_IDENTIFIER = com.OzgunY.StarWarsSwiftUI;
				PRODUCT_NAME = "$(TARGET_NAME)";
				SWIFT_EMIT_LOC_STRINGS = YES;
				SWIFT_VERSION = 5.0;
				TARGETED_DEVICE_FAMILY = 1;
			};
			name = Debug;
		};
		E384E4942C94FA7300D44345 /* Release */ = {
			isa = XCBuildConfiguration;
			buildSettings = {
				ASSETCATALOG_COMPILER_APPICON_NAME = AppIcon;
				ASSETCATALOG_COMPILER_GLOBAL_ACCENT_COLOR_NAME = AccentColor;
				CODE_SIGN_STYLE = Automatic;
				CURRENT_PROJECT_VERSION = 1;
				DEVELOPMENT_ASSET_PATHS = "\"StarWarsSwiftUI/Preview Content\"";
				DEVELOPMENT_TEAM = MCP72WGYNQ;
				ENABLE_PREVIEWS = YES;
				GENERATE_INFOPLIST_FILE = YES;
				INFOPLIST_KEY_UIApplicationSceneManifest_Generation = YES;
				INFOPLIST_KEY_UIApplicationSupportsIndirectInputEvents = YES;
				INFOPLIST_KEY_UILaunchScreen_Generation = YES;
				INFOPLIST_KEY_UISupportedInterfaceOrientations_iPad = "UIInterfaceOrientationPortrait UIInterfaceOrientationPortraitUpsideDown UIInterfaceOrientationLandscapeLeft UIInterfaceOrientationLandscapeRight";
				INFOPLIST_KEY_UISupportedInterfaceOrientations_iPhone = "UIInterfaceOrientationPortrait UIInterfaceOrientationLandscapeLeft UIInterfaceOrientationLandscapeRight";
				LD_RUNPATH_SEARCH_PATHS = (
					"$(inherited)",
					"@executable_path/Frameworks",
				);
				MARKETING_VERSION = 1.0;
				PRODUCT_BUNDLE_IDENTIFIER = com.OzgunY.StarWarsSwiftUI;
				PRODUCT_NAME = "$(TARGET_NAME)";
				SWIFT_EMIT_LOC_STRINGS = YES;
				SWIFT_VERSION = 5.0;
				TARGETED_DEVICE_FAMILY = 1;
			};
			name = Release;
		};
/* End XCBuildConfiguration section */

/* Begin XCConfigurationList section */
		E384E47F2C94FA7100D44345 /* Build configuration list for PBXProject "StarWarsSwiftUI" */ = {
			isa = XCConfigurationList;
			buildConfigurations = (
				E384E4902C94FA7300D44345 /* Debug */,
				E384E4912C94FA7300D44345 /* Release */,
			);
			defaultConfigurationIsVisible = 0;
			defaultConfigurationName = Release;
		};
		E384E4922C94FA7300D44345 /* Build configuration list for PBXNativeTarget "StarWarsSwiftUI" */ = {
			isa = XCConfigurationList;
			buildConfigurations = (
				E384E4932C94FA7300D44345 /* Debug */,
				E384E4942C94FA7300D44345 /* Release */,
			);
			defaultConfigurationIsVisible = 0;
			defaultConfigurationName = Release;
		};
/* End XCConfigurationList section */
	};
	rootObject = E384E47C2C94FA7100D44345 /* Project object */;
}
